
Microsoft Visual Studio Solution File, Format Version 12.00
# Visual Studio Version 17
VisualStudioVersion = 17.3.32929.385
MinimumVisualStudioVersion = 10.0.40219.1
Project("{FAE04EC0-301F-11D3-BF4B-00C04F79EFBC}") = "LogAnalyzerLibrary", "LogAnalyzerLibrary\LogAnalyzerLibrary.csproj", "{11643AF2-FA93-4BD6-A60C-2DD95EBA8903}"
EndProject
Project("{FAE04EC0-301F-11D3-BF4B-00C04F79EFBC}") = "LogAnalyzerTest", "LogAnalyzerTest\LogAnalyzerTest.csproj", "{DD0C7608-AE32-4B21-8CE0-3D6135F30912}"
EndProject
Project("{FAE04EC0-301F-11D3-BF4B-00C04F79EFBC}") = "LogAnalyzerAPI", "LogAnalyzerAPI\LogAnalyzerAPI.csproj", "{056A7EFD-C50B-497F-893D-059ABC01EE88}"
EndProject
Global
	GlobalSection(SolutionConfigurationPlatforms) = preSolution
		Debug|Any CPU = Debug|Any CPU
		Release|Any CPU = Release|Any CPU
	EndGlobalSection
	GlobalSection(ProjectConfigurationPlatforms) = postSolution
		{11643AF2-FA93-4BD6-A60C-2DD95EBA8903}.Debug|Any CPU.ActiveCfg = Debug|Any CPU
		{11643AF2-FA93-4BD6-A60C-2DD95EBA8903}.Debug|Any CPU.Build.0 = Debug|Any CPU
		{11643AF2-FA93-4BD6-A60C-2DD95EBA8903}.Release|Any CPU.ActiveCfg = Release|Any CPU
		{11643AF2-FA93-4BD6-A60C-2DD95EBA8903}.Release|Any CPU.Build.0 = Release|Any CPU
		{DD0C7608-AE32-4B21-8CE0-3D6135F30912}.Debug|Any CPU.ActiveCfg = Debug|Any CPU
		{DD0C7608-AE32-4B21-8CE0-3D6135F30912}.Debug|Any CPU.Build.0 = Debug|Any CPU
		{DD0C7608-AE32-4B21-8CE0-3D6135F30912}.Release|Any CPU.ActiveCfg = Release|Any CPU
		{DD0C7608-AE32-4B21-8CE0-3D6135F30912}.Release|Any CPU.Build.0 = Release|Any CPU
		{056A7EFD-C50B-497F-893D-059ABC01EE88}.Debug|Any CPU.ActiveCfg = Debug|Any CPU
		{056A7EFD-C50B-497F-893D-059ABC01EE88}.Debug|Any CPU.Build.0 = Debug|Any CPU
		{056A7EFD-C50B-497F-893D-059ABC01EE88}.Release|Any CPU.ActiveCfg = Release|Any CPU
		{056A7EFD-C50B-497F-893D-059ABC01EE88}.Release|Any CPU.Build.0 = Release|Any CPU
	EndGlobalSection
	GlobalSection(SolutionProperties) = preSolution
		HideSolutionNode = FALSE
	EndGlobalSection
	GlobalSection(ExtensibilityGlobals) = postSolution
		SolutionGuid = {05BF63B5-7E86-4031-8206-716B80AF706C}
	EndGlobalSection
EndGlobal
